
Microsoft Visual Studio Solution File, Format Version 12.00
# Visual Studio 14
VisualStudioVersion = 14.0.24720.0
MinimumVisualStudioVersion = 10.0.40219.1
Project("{FAE04EC0-301F-11D3-BF4B-00C04F79EFBC}") = "Data.Json", "Source\Data.Json.csproj", "{8B74B698-B5BD-411D-B8F0-3A7B0D13554D}"
EndProject
Project("{FAE04EC0-301F-11D3-BF4B-00C04F79EFBC}") = "UnitTestProject1", "UnitTestProject1\UnitTestProject1.csproj", "{B9DF0FBC-A0B8-4CE8-85A1-9A945366D130}"
EndProject
Global
	GlobalSection(SolutionConfigurationPlatforms) = preSolution
		Debug|Any CPU = Debug|Any CPU
		Release|Any CPU = Release|Any CPU
	EndGlobalSection
	GlobalSection(ProjectConfigurationPlatforms) = postSolution
		{8B74B698-B5BD-411D-B8F0-3A7B0D13554D}.Debug|Any CPU.ActiveCfg = Debug|Any CPU
		{8B74B698-B5BD-411D-B8F0-3A7B0D13554D}.Debug|Any CPU.Build.0 = Debug|Any CPU
		{8B74B698-B5BD-411D-B8F0-3A7B0D13554D}.Release|Any CPU.ActiveCfg = Release|Any CPU
		{8B74B698-B5BD-411D-B8F0-3A7B0D13554D}.Release|Any CPU.Build.0 = Release|Any CPU
		{B9DF0FBC-A0B8-4CE8-85A1-9A945366D130}.Debug|Any CPU.ActiveCfg = Debug|Any CPU
		{B9DF0FBC-A0B8-4CE8-85A1-9A945366D130}.Debug|Any CPU.Build.0 = Debug|Any CPU
		{B9DF0FBC-A0B8-4CE8-85A1-9A945366D130}.Release|Any CPU.ActiveCfg = Release|Any CPU
		{B9DF0FBC-A0B8-4CE8-85A1-9A945366D130}.Release|Any CPU.Build.0 = Release|Any CPU
	EndGlobalSection
	GlobalSection(SolutionProperties) = preSolution
		HideSolutionNode = FALSE
	EndGlobalSection
	GlobalSection(TeamFoundationVersionControl) = preSolution
		SccNumberOfProjects = 3
		SccEnterpriseProvider = {4CA58AB2-18FA-4F8D-95D4-32DDF27D184C}
		SccTeamFoundationServer = http://cangrihack-w10:8080/tfs/ada%20framework
		SccLocalPath0 = .
		SccProjectUniqueName1 = Source\\Data.Json.csproj
		SccProjectName1 = Source
		SccLocalPath1 = Source
		SccProjectUniqueName2 = UnitTestProject1\\UnitTestProject1.csproj
		SccProjectName2 = UnitTestProject1
		SccLocalPath2 = UnitTestProject1
	EndGlobalSection
EndGlobal
